// !$*UTF8*$!
{
	archiveVersion = 1;
	classes = {
	};
	objectVersion = 46;
	objects = {

/* Begin PBXBuildFile section */
		4347A5081E86F8C0000D6CCB /* ImagePreviewViewController.swift in Sources */ = {isa = PBXBuildFile; fileRef = 4347A5061E86F8C0000D6CCB /* ImagePreviewViewController.swift */; };
		4347A50A1E86F94B000D6CCB /* ViewController.swift in Sources */ = {isa = PBXBuildFile; fileRef = 4347A5091E86F94B000D6CCB /* ViewController.swift */; };
		4347A50C1E8701B4000D6CCB /* Camera.xib in Resources */ = {isa = PBXBuildFile; fileRef = 4347A50B1E8701B4000D6CCB /* Camera.xib */; };
		4347A50E1E870261000D6CCB /* CameraView.swift in Sources */ = {isa = PBXBuildFile; fileRef = 4347A50D1E870261000D6CCB /* CameraView.swift */; };
		43EBA4A91E87355D003E65A3 /* QuickView.storyboard in Resources */ = {isa = PBXBuildFile; fileRef = 43EBA4A81E87355D003E65A3 /* QuickView.storyboard */; };
		43EBA4AC1E8742B7003E65A3 /* Hogsmeade.storyboard in Resources */ = {isa = PBXBuildFile; fileRef = 43EBA4AB1E8742B7003E65A3 /* Hogsmeade.storyboard */; };
		43EBA4AE1E8742EC003E65A3 /* WandViewController.swift in Sources */ = {isa = PBXBuildFile; fileRef = 43EBA4AD1E8742EC003E65A3 /* WandViewController.swift */; };
		981936E61E7B457900F8421C /* AppDelegate.swift in Sources */ = {isa = PBXBuildFile; fileRef = 981936E51E7B457900F8421C /* AppDelegate.swift */; };
		981936ED1E7B457900F8421C /* Assets.xcassets in Resources */ = {isa = PBXBuildFile; fileRef = 981936EC1E7B457900F8421C /* Assets.xcassets */; };
		981936F01E7B457900F8421C /* LaunchScreen.storyboard in Resources */ = {isa = PBXBuildFile; fileRef = 981936EE1E7B457900F8421C /* LaunchScreen.storyboard */; };
		981936FB1E7B457900F8421C /* studio_plusTests.swift in Sources */ = {isa = PBXBuildFile; fileRef = 981936FA1E7B457900F8421C /* studio_plusTests.swift */; };
		981937061E7B457900F8421C /* studio_plusUITests.swift in Sources */ = {isa = PBXBuildFile; fileRef = 981937051E7B457900F8421C /* studio_plusUITests.swift */; };
		981937171E7B467E00F8421C /* OnboardingViewController.swift in Sources */ = {isa = PBXBuildFile; fileRef = 981937161E7B467E00F8421C /* OnboardingViewController.swift */; };
		981937191E7B46B500F8421C /* Onboarding.storyboard in Resources */ = {isa = PBXBuildFile; fileRef = 981937181E7B46B500F8421C /* Onboarding.storyboard */; };
		9819371B1E7B46E000F8421C /* CreateProfileViewController.swift in Sources */ = {isa = PBXBuildFile; fileRef = 9819371A1E7B46E000F8421C /* CreateProfileViewController.swift */; };
		9819371D1E7B46EA00F8421C /* CreateProfile.storyboard in Resources */ = {isa = PBXBuildFile; fileRef = 9819371C1E7B46EA00F8421C /* CreateProfile.storyboard */; };
		9819371F1E7B470800F8421C /* ChooseAdventureViewController.swift in Sources */ = {isa = PBXBuildFile; fileRef = 9819371E1E7B470800F8421C /* ChooseAdventureViewController.swift */; };
		981937211E7B471000F8421C /* ChooseAdventure.storyboard in Resources */ = {isa = PBXBuildFile; fileRef = 981937201E7B471000F8421C /* ChooseAdventure.storyboard */; };
		981937231E7B472500F8421C /* CameraViewController.swift in Sources */ = {isa = PBXBuildFile; fileRef = 981937221E7B472500F8421C /* CameraViewController.swift */; };
		981937251E7B472C00F8421C /* Camera.storyboard in Resources */ = {isa = PBXBuildFile; fileRef = 981937241E7B472C00F8421C /* Camera.storyboard */; };
		981937271E7B476100F8421C /* ParkMapViewController.swift in Sources */ = {isa = PBXBuildFile; fileRef = 981937261E7B476100F8421C /* ParkMapViewController.swift */; };
		981937291E7B477D00F8421C /* ParkMap.storyboard in Resources */ = {isa = PBXBuildFile; fileRef = 981937281E7B477D00F8421C /* ParkMap.storyboard */; };
		9819372B1E7B478B00F8421C /* LeaderBoardViewController.swift in Sources */ = {isa = PBXBuildFile; fileRef = 9819372A1E7B478B00F8421C /* LeaderBoardViewController.swift */; };
		9819372D1E7B479300F8421C /* LeaderBoard.storyboard in Resources */ = {isa = PBXBuildFile; fileRef = 9819372C1E7B479300F8421C /* LeaderBoard.storyboard */; };
		9819372F1E7B4A8600F8421C /* Main.storyboard in Resources */ = {isa = PBXBuildFile; fileRef = 9819372E1E7B4A8600F8421C /* Main.storyboard */; };
		983C353C1E87032800087541 /* SpringfieldViewController.swift in Sources */ = {isa = PBXBuildFile; fileRef = 983C353B1E87032800087541 /* SpringfieldViewController.swift */; };
		983C35491E8704CC00087541 /* SpriteKit.framework in Frameworks */ = {isa = PBXBuildFile; fileRef = 983C353F1E8704CC00087541 /* SpriteKit.framework */; };
		983C354A1E8704CC00087541 /* MediaPlayer.framework in Frameworks */ = {isa = PBXBuildFile; fileRef = 983C35401E8704CC00087541 /* MediaPlayer.framework */; };
		983C354B1E8704CC00087541 /* OpenGLES.framework in Frameworks */ = {isa = PBXBuildFile; fileRef = 983C35411E8704CC00087541 /* OpenGLES.framework */; };
		983C354C1E8704CC00087541 /* CoreMedia.framework in Frameworks */ = {isa = PBXBuildFile; fileRef = 983C35421E8704CC00087541 /* CoreMedia.framework */; };
		983C354D1E8704CC00087541 /* SceneKit.framework in Frameworks */ = {isa = PBXBuildFile; fileRef = 983C35431E8704CC00087541 /* SceneKit.framework */; };
		983C354E1E8704CC00087541 /* SystemConfiguration.framework in Frameworks */ = {isa = PBXBuildFile; fileRef = 983C35441E8704CC00087541 /* SystemConfiguration.framework */; };
		983C354F1E8704CC00087541 /* AudioToolbox.framework in Frameworks */ = {isa = PBXBuildFile; fileRef = 983C35451E8704CC00087541 /* AudioToolbox.framework */; };
		983C35501E8704CC00087541 /* AVFoundation.framework in Frameworks */ = {isa = PBXBuildFile; fileRef = 983C35461E8704CC00087541 /* AVFoundation.framework */; };
		983C35511E8704CC00087541 /* CoreMotion.framework in Frameworks */ = {isa = PBXBuildFile; fileRef = 983C35471E8704CC00087541 /* CoreMotion.framework */; };
		983C35541E870AD400087541 /* libVuforia.a in Frameworks */ = {isa = PBXBuildFile; fileRef = 983C35531E870AD400087541 /* libVuforia.a */; };
		983C357A1E872E8500087541 /* VuforiaEAGLView.mm in Sources */ = {isa = PBXBuildFile; fileRef = 983C35731E872E8500087541 /* VuforiaEAGLView.mm */; };
		983C357B1E872E8500087541 /* VuforiaManager.mm in Sources */ = {isa = PBXBuildFile; fileRef = 983C35751E872E8500087541 /* VuforiaManager.mm */; };
		983C357C1E872E8500087541 /* VuforiaObjects.mm in Sources */ = {isa = PBXBuildFile; fileRef = 983C35771E872E8500087541 /* VuforiaObjects.mm */; };
		983C357D1E872E8500087541 /* VuforiaShaderUtils.m in Sources */ = {isa = PBXBuildFile; fileRef = 983C35791E872E8500087541 /* VuforiaShaderUtils.m */; };
		983C35DA1E872EC800087541 /* libVuforia.a in Frameworks */ = {isa = PBXBuildFile; fileRef = 983C35D91E872EC800087541 /* libVuforia.a */; };
		983C35E41E872F3300087541 /* bart.dae in Resources */ = {isa = PBXBuildFile; fileRef = 983C35DD1E872F3300087541 /* bart.dae */; };
		983C35E51E872F3300087541 /* StonesAndChips.dat in Resources */ = {isa = PBXBuildFile; fileRef = 983C35DE1E872F3300087541 /* StonesAndChips.dat */; };
		983C35E61E872F3300087541 /* StonesAndChips.xml in Resources */ = {isa = PBXBuildFile; fileRef = 983C35DF1E872F3300087541 /* StonesAndChips.xml */; };
		983C35E71E872F3300087541 /* Tarmac.dat in Resources */ = {isa = PBXBuildFile; fileRef = 983C35E01E872F3300087541 /* Tarmac.dat */; };
		983C35E81E872F3300087541 /* Tarmac.xml in Resources */ = {isa = PBXBuildFile; fileRef = 983C35E11E872F3300087541 /* Tarmac.xml */; };
		983C35E91E872F3300087541 /* VuforiaSample.dat in Resources */ = {isa = PBXBuildFile; fileRef = 983C35E21E872F3300087541 /* VuforiaSample.dat */; };
		983C35EA1E872F3300087541 /* VuforiaSample.xml in Resources */ = {isa = PBXBuildFile; fileRef = 983C35E31E872F3300087541 /* VuforiaSample.xml */; };
		983C35F91E872F4200087541 /* VuforiaSample.dat in Resources */ = {isa = PBXBuildFile; fileRef = 983C35F21E872F4200087541 /* VuforiaSample.dat */; };
		983C35FA1E872F4200087541 /* VuforiaSample.xml in Resources */ = {isa = PBXBuildFile; fileRef = 983C35F31E872F4200087541 /* VuforiaSample.xml */; };
		983C35FD1E8730F000087541 /* model_bart.dae in Resources */ = {isa = PBXBuildFile; fileRef = 983C35FB1E8730F000087541 /* model_bart.dae */; };
		983C35FE1E8730F000087541 /* model_krusty.dae in Resources */ = {isa = PBXBuildFile; fileRef = 983C35FC1E8730F000087541 /* model_krusty.dae */; };
		983C36021E87C8A600087541 /* CameraViewController.storyboard in Resources */ = {isa = PBXBuildFile; fileRef = 983C36011E87C8A600087541 /* CameraViewController.storyboard */; };
		983C36041E87C91500087541 /* SpringfieldViewController.storyboard in Resources */ = {isa = PBXBuildFile; fileRef = 983C36031E87C91500087541 /* SpringfieldViewController.storyboard */; };
/* End PBXBuildFile section */

/* Begin PBXContainerItemProxy section */
		981936F71E7B457900F8421C /* PBXContainerItemProxy */ = {
			isa = PBXContainerItemProxy;
			containerPortal = 981936DA1E7B457900F8421C /* Project object */;
			proxyType = 1;
			remoteGlobalIDString = 981936E11E7B457900F8421C;
			remoteInfo = "studio-plus";
		};
		981937021E7B457900F8421C /* PBXContainerItemProxy */ = {
			isa = PBXContainerItemProxy;
			containerPortal = 981936DA1E7B457900F8421C /* Project object */;
			proxyType = 1;
			remoteGlobalIDString = 981936E11E7B457900F8421C;
			remoteInfo = "studio-plus";
		};
/* End PBXContainerItemProxy section */

/* Begin PBXFileReference section */
		4347A5061E86F8C0000D6CCB /* ImagePreviewViewController.swift */ = {isa = PBXFileReference; fileEncoding = 4; lastKnownFileType = sourcecode.swift; path = ImagePreviewViewController.swift; sourceTree = "<group>"; };
		4347A5091E86F94B000D6CCB /* ViewController.swift */ = {isa = PBXFileReference; fileEncoding = 4; lastKnownFileType = sourcecode.swift; path = ViewController.swift; sourceTree = "<group>"; };
		4347A50B1E8701B4000D6CCB /* Camera.xib */ = {isa = PBXFileReference; fileEncoding = 4; lastKnownFileType = file.xib; path = Camera.xib; sourceTree = "<group>"; };
		4347A50D1E870261000D6CCB /* CameraView.swift */ = {isa = PBXFileReference; fileEncoding = 4; lastKnownFileType = sourcecode.swift; path = CameraView.swift; sourceTree = "<group>"; };
		43EBA4A81E87355D003E65A3 /* QuickView.storyboard */ = {isa = PBXFileReference; fileEncoding = 4; lastKnownFileType = file.storyboard; name = QuickView.storyboard; path = ../QuickView.storyboard; sourceTree = "<group>"; };
		43EBA4AB1E8742B7003E65A3 /* Hogsmeade.storyboard */ = {isa = PBXFileReference; fileEncoding = 4; lastKnownFileType = file.storyboard; path = Hogsmeade.storyboard; sourceTree = "<group>"; };
		43EBA4AD1E8742EC003E65A3 /* WandViewController.swift */ = {isa = PBXFileReference; fileEncoding = 4; lastKnownFileType = sourcecode.swift; path = WandViewController.swift; sourceTree = "<group>"; };
		981936E21E7B457900F8421C /* studio-plus.app */ = {isa = PBXFileReference; explicitFileType = wrapper.application; includeInIndex = 0; path = "studio-plus.app"; sourceTree = BUILT_PRODUCTS_DIR; };
		981936E51E7B457900F8421C /* AppDelegate.swift */ = {isa = PBXFileReference; lastKnownFileType = sourcecode.swift; path = AppDelegate.swift; sourceTree = "<group>"; };
		981936EC1E7B457900F8421C /* Assets.xcassets */ = {isa = PBXFileReference; lastKnownFileType = folder.assetcatalog; path = Assets.xcassets; sourceTree = "<group>"; };
		981936EF1E7B457900F8421C /* Base */ = {isa = PBXFileReference; lastKnownFileType = file.storyboard; name = Base; path = Base.lproj/LaunchScreen.storyboard; sourceTree = "<group>"; };
		981936F11E7B457900F8421C /* Info.plist */ = {isa = PBXFileReference; lastKnownFileType = text.plist.xml; path = Info.plist; sourceTree = "<group>"; };
		981936F61E7B457900F8421C /* studio-plusTests.xctest */ = {isa = PBXFileReference; explicitFileType = wrapper.cfbundle; includeInIndex = 0; path = "studio-plusTests.xctest"; sourceTree = BUILT_PRODUCTS_DIR; };
		981936FA1E7B457900F8421C /* studio_plusTests.swift */ = {isa = PBXFileReference; lastKnownFileType = sourcecode.swift; path = studio_plusTests.swift; sourceTree = "<group>"; };
		981936FC1E7B457900F8421C /* Info.plist */ = {isa = PBXFileReference; lastKnownFileType = text.plist.xml; path = Info.plist; sourceTree = "<group>"; };
		981937011E7B457900F8421C /* studio-plusUITests.xctest */ = {isa = PBXFileReference; explicitFileType = wrapper.cfbundle; includeInIndex = 0; path = "studio-plusUITests.xctest"; sourceTree = BUILT_PRODUCTS_DIR; };
		981937051E7B457900F8421C /* studio_plusUITests.swift */ = {isa = PBXFileReference; lastKnownFileType = sourcecode.swift; path = studio_plusUITests.swift; sourceTree = "<group>"; };
		981937071E7B457900F8421C /* Info.plist */ = {isa = PBXFileReference; lastKnownFileType = text.plist.xml; path = Info.plist; sourceTree = "<group>"; };
		981937161E7B467E00F8421C /* OnboardingViewController.swift */ = {isa = PBXFileReference; fileEncoding = 4; lastKnownFileType = sourcecode.swift; path = OnboardingViewController.swift; sourceTree = "<group>"; };
		981937181E7B46B500F8421C /* Onboarding.storyboard */ = {isa = PBXFileReference; fileEncoding = 4; lastKnownFileType = file.storyboard; path = Onboarding.storyboard; sourceTree = "<group>"; };
		9819371A1E7B46E000F8421C /* CreateProfileViewController.swift */ = {isa = PBXFileReference; fileEncoding = 4; lastKnownFileType = sourcecode.swift; path = CreateProfileViewController.swift; sourceTree = "<group>"; };
		9819371C1E7B46EA00F8421C /* CreateProfile.storyboard */ = {isa = PBXFileReference; fileEncoding = 4; lastKnownFileType = file.storyboard; path = CreateProfile.storyboard; sourceTree = "<group>"; };
		9819371E1E7B470800F8421C /* ChooseAdventureViewController.swift */ = {isa = PBXFileReference; fileEncoding = 4; lastKnownFileType = sourcecode.swift; path = ChooseAdventureViewController.swift; sourceTree = "<group>"; };
		981937201E7B471000F8421C /* ChooseAdventure.storyboard */ = {isa = PBXFileReference; fileEncoding = 4; lastKnownFileType = file.storyboard; path = ChooseAdventure.storyboard; sourceTree = "<group>"; };
		981937221E7B472500F8421C /* CameraViewController.swift */ = {isa = PBXFileReference; fileEncoding = 4; lastKnownFileType = sourcecode.swift; path = CameraViewController.swift; sourceTree = "<group>"; };
		981937241E7B472C00F8421C /* Camera.storyboard */ = {isa = PBXFileReference; fileEncoding = 4; lastKnownFileType = file.storyboard; path = Camera.storyboard; sourceTree = "<group>"; };
		981937261E7B476100F8421C /* ParkMapViewController.swift */ = {isa = PBXFileReference; fileEncoding = 4; lastKnownFileType = sourcecode.swift; path = ParkMapViewController.swift; sourceTree = "<group>"; };
		981937281E7B477D00F8421C /* ParkMap.storyboard */ = {isa = PBXFileReference; fileEncoding = 4; lastKnownFileType = file.storyboard; path = ParkMap.storyboard; sourceTree = "<group>"; };
		9819372A1E7B478B00F8421C /* LeaderBoardViewController.swift */ = {isa = PBXFileReference; fileEncoding = 4; lastKnownFileType = sourcecode.swift; path = LeaderBoardViewController.swift; sourceTree = "<group>"; };
		9819372C1E7B479300F8421C /* LeaderBoard.storyboard */ = {isa = PBXFileReference; fileEncoding = 4; lastKnownFileType = file.storyboard; path = LeaderBoard.storyboard; sourceTree = "<group>"; };
		9819372E1E7B4A8600F8421C /* Main.storyboard */ = {isa = PBXFileReference; fileEncoding = 4; lastKnownFileType = file.storyboard; path = Main.storyboard; sourceTree = "<group>"; };
		983C351B1E87028600087541 /* studio-plus-Bridging-Header.h */ = {isa = PBXFileReference; lastKnownFileType = sourcecode.c.h; path = "studio-plus-Bridging-Header.h"; sourceTree = "<group>"; };
		983C353B1E87032800087541 /* SpringfieldViewController.swift */ = {isa = PBXFileReference; fileEncoding = 4; lastKnownFileType = sourcecode.swift; path = SpringfieldViewController.swift; sourceTree = "<group>"; };
		983C353F1E8704CC00087541 /* SpriteKit.framework */ = {isa = PBXFileReference; lastKnownFileType = wrapper.framework; name = SpriteKit.framework; path = System/Library/Frameworks/SpriteKit.framework; sourceTree = SDKROOT; };
		983C35401E8704CC00087541 /* MediaPlayer.framework */ = {isa = PBXFileReference; lastKnownFileType = wrapper.framework; name = MediaPlayer.framework; path = System/Library/Frameworks/MediaPlayer.framework; sourceTree = SDKROOT; };
		983C35411E8704CC00087541 /* OpenGLES.framework */ = {isa = PBXFileReference; lastKnownFileType = wrapper.framework; name = OpenGLES.framework; path = System/Library/Frameworks/OpenGLES.framework; sourceTree = SDKROOT; };
		983C35421E8704CC00087541 /* CoreMedia.framework */ = {isa = PBXFileReference; lastKnownFileType = wrapper.framework; name = CoreMedia.framework; path = System/Library/Frameworks/CoreMedia.framework; sourceTree = SDKROOT; };
		983C35431E8704CC00087541 /* SceneKit.framework */ = {isa = PBXFileReference; lastKnownFileType = wrapper.framework; name = SceneKit.framework; path = System/Library/Frameworks/SceneKit.framework; sourceTree = SDKROOT; };
		983C35441E8704CC00087541 /* SystemConfiguration.framework */ = {isa = PBXFileReference; lastKnownFileType = wrapper.framework; name = SystemConfiguration.framework; path = System/Library/Frameworks/SystemConfiguration.framework; sourceTree = SDKROOT; };
		983C35451E8704CC00087541 /* AudioToolbox.framework */ = {isa = PBXFileReference; lastKnownFileType = wrapper.framework; name = AudioToolbox.framework; path = System/Library/Frameworks/AudioToolbox.framework; sourceTree = SDKROOT; };
		983C35461E8704CC00087541 /* AVFoundation.framework */ = {isa = PBXFileReference; lastKnownFileType = wrapper.framework; name = AVFoundation.framework; path = System/Library/Frameworks/AVFoundation.framework; sourceTree = SDKROOT; };
		983C35471E8704CC00087541 /* CoreMotion.framework */ = {isa = PBXFileReference; lastKnownFileType = wrapper.framework; name = CoreMotion.framework; path = System/Library/Frameworks/CoreMotion.framework; sourceTree = SDKROOT; };
		983C35531E870AD400087541 /* libVuforia.a */ = {isa = PBXFileReference; lastKnownFileType = archive.ar; name = libVuforia.a; path = "../VuforiaSampleSwift/VuforiaSampleSwift/vuforia-sdk-ios-6-2-9/build/lib/arm/libVuforia.a"; sourceTree = "<group>"; };
		983C35721E872E8500087541 /* VuforiaEAGLView.h */ = {isa = PBXFileReference; fileEncoding = 4; lastKnownFileType = sourcecode.c.h; path = VuforiaEAGLView.h; sourceTree = "<group>"; };
		983C35731E872E8500087541 /* VuforiaEAGLView.mm */ = {isa = PBXFileReference; fileEncoding = 4; lastKnownFileType = sourcecode.cpp.objcpp; path = VuforiaEAGLView.mm; sourceTree = "<group>"; };
		983C35741E872E8500087541 /* VuforiaManager.h */ = {isa = PBXFileReference; fileEncoding = 4; lastKnownFileType = sourcecode.c.h; path = VuforiaManager.h; sourceTree = "<group>"; };
		983C35751E872E8500087541 /* VuforiaManager.mm */ = {isa = PBXFileReference; fileEncoding = 4; lastKnownFileType = sourcecode.cpp.objcpp; path = VuforiaManager.mm; sourceTree = "<group>"; };
		983C35761E872E8500087541 /* VuforiaObjects.h */ = {isa = PBXFileReference; fileEncoding = 4; lastKnownFileType = sourcecode.c.h; path = VuforiaObjects.h; sourceTree = "<group>"; };
		983C35771E872E8500087541 /* VuforiaObjects.mm */ = {isa = PBXFileReference; fileEncoding = 4; lastKnownFileType = sourcecode.cpp.objcpp; path = VuforiaObjects.mm; sourceTree = "<group>"; };
		983C35781E872E8500087541 /* VuforiaShaderUtils.h */ = {isa = PBXFileReference; fileEncoding = 4; lastKnownFileType = sourcecode.c.h; path = VuforiaShaderUtils.h; sourceTree = "<group>"; };
		983C35791E872E8500087541 /* VuforiaShaderUtils.m */ = {isa = PBXFileReference; fileEncoding = 4; lastKnownFileType = sourcecode.c.objc; path = VuforiaShaderUtils.m; sourceTree = "<group>"; };
		983C35821E872EC800087541 /* Area.h */ = {isa = PBXFileReference; fileEncoding = 4; lastKnownFileType = sourcecode.c.h; path = Area.h; sourceTree = "<group>"; };
		983C35831E872EC800087541 /* Box3D.h */ = {isa = PBXFileReference; fileEncoding = 4; lastKnownFileType = sourcecode.c.h; path = Box3D.h; sourceTree = "<group>"; };
		983C35841E872EC800087541 /* CameraCalibration.h */ = {isa = PBXFileReference; fileEncoding = 4; lastKnownFileType = sourcecode.c.h; path = CameraCalibration.h; sourceTree = "<group>"; };
		983C35851E872EC800087541 /* CameraDevice.h */ = {isa = PBXFileReference; fileEncoding = 4; lastKnownFileType = sourcecode.c.h; path = CameraDevice.h; sourceTree = "<group>"; };
		983C35861E872EC800087541 /* CameraField.h */ = {isa = PBXFileReference; fileEncoding = 4; lastKnownFileType = sourcecode.c.h; path = CameraField.h; sourceTree = "<group>"; };
		983C35871E872EC800087541 /* CustomViewerParameters.h */ = {isa = PBXFileReference; fileEncoding = 4; lastKnownFileType = sourcecode.c.h; path = CustomViewerParameters.h; sourceTree = "<group>"; };
		983C35881E872EC800087541 /* CylinderTarget.h */ = {isa = PBXFileReference; fileEncoding = 4; lastKnownFileType = sourcecode.c.h; path = CylinderTarget.h; sourceTree = "<group>"; };
		983C35891E872EC800087541 /* CylinderTargetResult.h */ = {isa = PBXFileReference; fileEncoding = 4; lastKnownFileType = sourcecode.c.h; path = CylinderTargetResult.h; sourceTree = "<group>"; };
		983C358A1E872EC800087541 /* DataSet.h */ = {isa = PBXFileReference; fileEncoding = 4; lastKnownFileType = sourcecode.c.h; path = DataSet.h; sourceTree = "<group>"; };
		983C358B1E872EC800087541 /* Device.h */ = {isa = PBXFileReference; fileEncoding = 4; lastKnownFileType = sourcecode.c.h; path = Device.h; sourceTree = "<group>"; };
		983C358C1E872EC800087541 /* DeviceTrackable.h */ = {isa = PBXFileReference; fileEncoding = 4; lastKnownFileType = sourcecode.c.h; path = DeviceTrackable.h; sourceTree = "<group>"; };
		983C358D1E872EC800087541 /* DeviceTrackableResult.h */ = {isa = PBXFileReference; fileEncoding = 4; lastKnownFileType = sourcecode.c.h; path = DeviceTrackableResult.h; sourceTree = "<group>"; };
		983C358E1E872EC800087541 /* DeviceTracker.h */ = {isa = PBXFileReference; fileEncoding = 4; lastKnownFileType = sourcecode.c.h; path = DeviceTracker.h; sourceTree = "<group>"; };
		983C358F1E872EC800087541 /* EyeID.h */ = {isa = PBXFileReference; fileEncoding = 4; lastKnownFileType = sourcecode.c.h; path = EyeID.h; sourceTree = "<group>"; };
		983C35901E872EC800087541 /* EyewearCalibrationProfileManager.h */ = {isa = PBXFileReference; fileEncoding = 4; lastKnownFileType = sourcecode.c.h; path = EyewearCalibrationProfileManager.h; sourceTree = "<group>"; };
		983C35911E872EC800087541 /* EyewearCalibrationReading.h */ = {isa = PBXFileReference; fileEncoding = 4; lastKnownFileType = sourcecode.c.h; path = EyewearCalibrationReading.h; sourceTree = "<group>"; };
		983C35921E872EC800087541 /* EyewearDevice.h */ = {isa = PBXFileReference; fileEncoding = 4; lastKnownFileType = sourcecode.c.h; path = EyewearDevice.h; sourceTree = "<group>"; };
		983C35931E872EC800087541 /* EyewearUserCalibrator.h */ = {isa = PBXFileReference; fileEncoding = 4; lastKnownFileType = sourcecode.c.h; path = EyewearUserCalibrator.h; sourceTree = "<group>"; };
		983C35941E872EC800087541 /* Frame.h */ = {isa = PBXFileReference; fileEncoding = 4; lastKnownFileType = sourcecode.c.h; path = Frame.h; sourceTree = "<group>"; };
		983C35951E872EC800087541 /* GLRenderer.h */ = {isa = PBXFileReference; fileEncoding = 4; lastKnownFileType = sourcecode.c.h; path = GLRenderer.h; sourceTree = "<group>"; };
		983C35961E872EC800087541 /* HandheldTransformModel.h */ = {isa = PBXFileReference; fileEncoding = 4; lastKnownFileType = sourcecode.c.h; path = HandheldTransformModel.h; sourceTree = "<group>"; };
		983C35971E872EC800087541 /* HeadTransformModel.h */ = {isa = PBXFileReference; fileEncoding = 4; lastKnownFileType = sourcecode.c.h; path = HeadTransformModel.h; sourceTree = "<group>"; };
		983C35981E872EC800087541 /* Image.h */ = {isa = PBXFileReference; fileEncoding = 4; lastKnownFileType = sourcecode.c.h; path = Image.h; sourceTree = "<group>"; };
		983C35991E872EC800087541 /* ImageTarget.h */ = {isa = PBXFileReference; fileEncoding = 4; lastKnownFileType = sourcecode.c.h; path = ImageTarget.h; sourceTree = "<group>"; };
		983C359A1E872EC800087541 /* ImageTargetBuilder.h */ = {isa = PBXFileReference; fileEncoding = 4; lastKnownFileType = sourcecode.c.h; path = ImageTargetBuilder.h; sourceTree = "<group>"; };
		983C359B1E872EC800087541 /* ImageTargetResult.h */ = {isa = PBXFileReference; fileEncoding = 4; lastKnownFileType = sourcecode.c.h; path = ImageTargetResult.h; sourceTree = "<group>"; };
		983C359C1E872EC800087541 /* InstanceId.h */ = {isa = PBXFileReference; fileEncoding = 4; lastKnownFileType = sourcecode.c.h; path = InstanceId.h; sourceTree = "<group>"; };
		983C359D1E872EC800087541 /* Matrices.h */ = {isa = PBXFileReference; fileEncoding = 4; lastKnownFileType = sourcecode.c.h; path = Matrices.h; sourceTree = "<group>"; };
		983C359E1E872EC800087541 /* Mesh.h */ = {isa = PBXFileReference; fileEncoding = 4; lastKnownFileType = sourcecode.c.h; path = Mesh.h; sourceTree = "<group>"; };
		983C359F1E872EC800087541 /* MetalRenderer.h */ = {isa = PBXFileReference; fileEncoding = 4; lastKnownFileType = sourcecode.c.h; path = MetalRenderer.h; sourceTree = "<group>"; };
		983C35A01E872EC800087541 /* MultiTarget.h */ = {isa = PBXFileReference; fileEncoding = 4; lastKnownFileType = sourcecode.c.h; path = MultiTarget.h; sourceTree = "<group>"; };
		983C35A11E872EC800087541 /* MultiTargetResult.h */ = {isa = PBXFileReference; fileEncoding = 4; lastKnownFileType = sourcecode.c.h; path = MultiTargetResult.h; sourceTree = "<group>"; };
		983C35A21E872EC800087541 /* NonCopyable.h */ = {isa = PBXFileReference; fileEncoding = 4; lastKnownFileType = sourcecode.c.h; path = NonCopyable.h; sourceTree = "<group>"; };
		983C35A31E872EC800087541 /* Obb2D.h */ = {isa = PBXFileReference; fileEncoding = 4; lastKnownFileType = sourcecode.c.h; path = Obb2D.h; sourceTree = "<group>"; };
		983C35A41E872EC800087541 /* Obb3D.h */ = {isa = PBXFileReference; fileEncoding = 4; lastKnownFileType = sourcecode.c.h; path = Obb3D.h; sourceTree = "<group>"; };
		983C35A51E872EC800087541 /* ObjectTarget.h */ = {isa = PBXFileReference; fileEncoding = 4; lastKnownFileType = sourcecode.c.h; path = ObjectTarget.h; sourceTree = "<group>"; };
		983C35A61E872EC800087541 /* ObjectTargetResult.h */ = {isa = PBXFileReference; fileEncoding = 4; lastKnownFileType = sourcecode.c.h; path = ObjectTargetResult.h; sourceTree = "<group>"; };
		983C35A71E872EC800087541 /* ObjectTracker.h */ = {isa = PBXFileReference; fileEncoding = 4; lastKnownFileType = sourcecode.c.h; path = ObjectTracker.h; sourceTree = "<group>"; };
		983C35A81E872EC800087541 /* Prop.h */ = {isa = PBXFileReference; fileEncoding = 4; lastKnownFileType = sourcecode.c.h; path = Prop.h; sourceTree = "<group>"; };
		983C35A91E872EC800087541 /* PropResult.h */ = {isa = PBXFileReference; fileEncoding = 4; lastKnownFileType = sourcecode.c.h; path = PropResult.h; sourceTree = "<group>"; };
		983C35AA1E872EC800087541 /* Reconstruction.h */ = {isa = PBXFileReference; fileEncoding = 4; lastKnownFileType = sourcecode.c.h; path = Reconstruction.h; sourceTree = "<group>"; };
		983C35AB1E872EC800087541 /* ReconstructionFromTarget.h */ = {isa = PBXFileReference; fileEncoding = 4; lastKnownFileType = sourcecode.c.h; path = ReconstructionFromTarget.h; sourceTree = "<group>"; };
		983C35AC1E872EC800087541 /* Rectangle.h */ = {isa = PBXFileReference; fileEncoding = 4; lastKnownFileType = sourcecode.c.h; path = Rectangle.h; sourceTree = "<group>"; };
		983C35AD1E872EC800087541 /* Renderer.h */ = {isa = PBXFileReference; fileEncoding = 4; lastKnownFileType = sourcecode.c.h; path = Renderer.h; sourceTree = "<group>"; };
		983C35AE1E872EC800087541 /* RenderingPrimitives.h */ = {isa = PBXFileReference; fileEncoding = 4; lastKnownFileType = sourcecode.c.h; path = RenderingPrimitives.h; sourceTree = "<group>"; };
		983C35AF1E872EC800087541 /* RotationalDeviceTracker.h */ = {isa = PBXFileReference; fileEncoding = 4; lastKnownFileType = sourcecode.c.h; path = RotationalDeviceTracker.h; sourceTree = "<group>"; };
		983C35B01E872EC800087541 /* SmartTerrainBuilder.h */ = {isa = PBXFileReference; fileEncoding = 4; lastKnownFileType = sourcecode.c.h; path = SmartTerrainBuilder.h; sourceTree = "<group>"; };
		983C35B11E872EC800087541 /* SmartTerrainTrackable.h */ = {isa = PBXFileReference; fileEncoding = 4; lastKnownFileType = sourcecode.c.h; path = SmartTerrainTrackable.h; sourceTree = "<group>"; };
		983C35B21E872EC800087541 /* SmartTerrainTracker.h */ = {isa = PBXFileReference; fileEncoding = 4; lastKnownFileType = sourcecode.c.h; path = SmartTerrainTracker.h; sourceTree = "<group>"; };
		983C35B31E872EC800087541 /* State.h */ = {isa = PBXFileReference; fileEncoding = 4; lastKnownFileType = sourcecode.c.h; path = State.h; sourceTree = "<group>"; };
		983C35B41E872EC800087541 /* StateUpdater.h */ = {isa = PBXFileReference; fileEncoding = 4; lastKnownFileType = sourcecode.c.h; path = StateUpdater.h; sourceTree = "<group>"; };
		983C35B51E872EC800087541 /* Surface.h */ = {isa = PBXFileReference; fileEncoding = 4; lastKnownFileType = sourcecode.c.h; path = Surface.h; sourceTree = "<group>"; };
		983C35B61E872EC800087541 /* SurfaceResult.h */ = {isa = PBXFileReference; fileEncoding = 4; lastKnownFileType = sourcecode.c.h; path = SurfaceResult.h; sourceTree = "<group>"; };
		983C35B71E872EC800087541 /* System.h */ = {isa = PBXFileReference; fileEncoding = 4; lastKnownFileType = sourcecode.c.h; path = System.h; sourceTree = "<group>"; };
		983C35B81E872EC800087541 /* TargetFinder.h */ = {isa = PBXFileReference; fileEncoding = 4; lastKnownFileType = sourcecode.c.h; path = TargetFinder.h; sourceTree = "<group>"; };
		983C35B91E872EC800087541 /* TargetSearchResult.h */ = {isa = PBXFileReference; fileEncoding = 4; lastKnownFileType = sourcecode.c.h; path = TargetSearchResult.h; sourceTree = "<group>"; };
		983C35BA1E872EC800087541 /* TextTracker.h */ = {isa = PBXFileReference; fileEncoding = 4; lastKnownFileType = sourcecode.c.h; path = TextTracker.h; sourceTree = "<group>"; };
		983C35BB1E872EC800087541 /* Tool.h */ = {isa = PBXFileReference; fileEncoding = 4; lastKnownFileType = sourcecode.c.h; path = Tool.h; sourceTree = "<group>"; };
		983C35BC1E872EC800087541 /* Trackable.h */ = {isa = PBXFileReference; fileEncoding = 4; lastKnownFileType = sourcecode.c.h; path = Trackable.h; sourceTree = "<group>"; };
		983C35BD1E872EC800087541 /* TrackableResult.h */ = {isa = PBXFileReference; fileEncoding = 4; lastKnownFileType = sourcecode.c.h; path = TrackableResult.h; sourceTree = "<group>"; };
		983C35BE1E872EC800087541 /* TrackableSource.h */ = {isa = PBXFileReference; fileEncoding = 4; lastKnownFileType = sourcecode.c.h; path = TrackableSource.h; sourceTree = "<group>"; };
		983C35BF1E872EC800087541 /* Tracker.h */ = {isa = PBXFileReference; fileEncoding = 4; lastKnownFileType = sourcecode.c.h; path = Tracker.h; sourceTree = "<group>"; };
		983C35C01E872EC800087541 /* TrackerManager.h */ = {isa = PBXFileReference; fileEncoding = 4; lastKnownFileType = sourcecode.c.h; path = TrackerManager.h; sourceTree = "<group>"; };
		983C35C11E872EC800087541 /* TransformModel.h */ = {isa = PBXFileReference; fileEncoding = 4; lastKnownFileType = sourcecode.c.h; path = TransformModel.h; sourceTree = "<group>"; };
		983C35C21E872EC800087541 /* Type.h */ = {isa = PBXFileReference; fileEncoding = 4; lastKnownFileType = sourcecode.c.h; path = Type.h; sourceTree = "<group>"; };
		983C35C31E872EC800087541 /* UIGLViewProtocol.h */ = {isa = PBXFileReference; fileEncoding = 4; lastKnownFileType = sourcecode.c.h; path = UIGLViewProtocol.h; sourceTree = "<group>"; };
		983C35C41E872EC800087541 /* UpdateCallback.h */ = {isa = PBXFileReference; fileEncoding = 4; lastKnownFileType = sourcecode.c.h; path = UpdateCallback.h; sourceTree = "<group>"; };
		983C35C51E872EC800087541 /* Vectors.h */ = {isa = PBXFileReference; fileEncoding = 4; lastKnownFileType = sourcecode.c.h; path = Vectors.h; sourceTree = "<group>"; };
		983C35C61E872EC800087541 /* VideoBackgroundConfig.h */ = {isa = PBXFileReference; fileEncoding = 4; lastKnownFileType = sourcecode.c.h; path = VideoBackgroundConfig.h; sourceTree = "<group>"; };
		983C35C71E872EC800087541 /* VideoBackgroundTextureInfo.h */ = {isa = PBXFileReference; fileEncoding = 4; lastKnownFileType = sourcecode.c.h; path = VideoBackgroundTextureInfo.h; sourceTree = "<group>"; };
		983C35C81E872EC800087541 /* VideoMode.h */ = {isa = PBXFileReference; fileEncoding = 4; lastKnownFileType = sourcecode.c.h; path = VideoMode.h; sourceTree = "<group>"; };
		983C35C91E872EC800087541 /* View.h */ = {isa = PBXFileReference; fileEncoding = 4; lastKnownFileType = sourcecode.c.h; path = View.h; sourceTree = "<group>"; };
		983C35CA1E872EC800087541 /* ViewerParameters.h */ = {isa = PBXFileReference; fileEncoding = 4; lastKnownFileType = sourcecode.c.h; path = ViewerParameters.h; sourceTree = "<group>"; };
		983C35CB1E872EC800087541 /* ViewerParametersList.h */ = {isa = PBXFileReference; fileEncoding = 4; lastKnownFileType = sourcecode.c.h; path = ViewerParametersList.h; sourceTree = "<group>"; };
		983C35CC1E872EC800087541 /* ViewList.h */ = {isa = PBXFileReference; fileEncoding = 4; lastKnownFileType = sourcecode.c.h; path = ViewList.h; sourceTree = "<group>"; };
		983C35CD1E872EC800087541 /* VirtualButton.h */ = {isa = PBXFileReference; fileEncoding = 4; lastKnownFileType = sourcecode.c.h; path = VirtualButton.h; sourceTree = "<group>"; };
		983C35CE1E872EC800087541 /* VirtualButtonResult.h */ = {isa = PBXFileReference; fileEncoding = 4; lastKnownFileType = sourcecode.c.h; path = VirtualButtonResult.h; sourceTree = "<group>"; };
		983C35CF1E872EC800087541 /* Vuforia.h */ = {isa = PBXFileReference; fileEncoding = 4; lastKnownFileType = sourcecode.c.h; path = Vuforia.h; sourceTree = "<group>"; };
		983C35D01E872EC800087541 /* Vuforia_iOS.h */ = {isa = PBXFileReference; fileEncoding = 4; lastKnownFileType = sourcecode.c.h; path = Vuforia_iOS.h; sourceTree = "<group>"; };
		983C35D11E872EC800087541 /* VuMarkTarget.h */ = {isa = PBXFileReference; fileEncoding = 4; lastKnownFileType = sourcecode.c.h; path = VuMarkTarget.h; sourceTree = "<group>"; };
		983C35D21E872EC800087541 /* VuMarkTargetResult.h */ = {isa = PBXFileReference; fileEncoding = 4; lastKnownFileType = sourcecode.c.h; path = VuMarkTargetResult.h; sourceTree = "<group>"; };
		983C35D31E872EC800087541 /* VuMarkTemplate.h */ = {isa = PBXFileReference; fileEncoding = 4; lastKnownFileType = sourcecode.c.h; path = VuMarkTemplate.h; sourceTree = "<group>"; };
		983C35D41E872EC800087541 /* Word.h */ = {isa = PBXFileReference; fileEncoding = 4; lastKnownFileType = sourcecode.c.h; path = Word.h; sourceTree = "<group>"; };
		983C35D51E872EC800087541 /* WordList.h */ = {isa = PBXFileReference; fileEncoding = 4; lastKnownFileType = sourcecode.c.h; path = WordList.h; sourceTree = "<group>"; };
		983C35D61E872EC800087541 /* WordResult.h */ = {isa = PBXFileReference; fileEncoding = 4; lastKnownFileType = sourcecode.c.h; path = WordResult.h; sourceTree = "<group>"; };
		983C35D91E872EC800087541 /* libVuforia.a */ = {isa = PBXFileReference; lastKnownFileType = archive.ar; path = libVuforia.a; sourceTree = "<group>"; };
		983C35DD1E872F3300087541 /* bart.dae */ = {isa = PBXFileReference; fileEncoding = 4; lastKnownFileType = text.xml.dae; path = bart.dae; sourceTree = "<group>"; };
		983C35DE1E872F3300087541 /* StonesAndChips.dat */ = {isa = PBXFileReference; lastKnownFileType = file; path = StonesAndChips.dat; sourceTree = "<group>"; };
		983C35DF1E872F3300087541 /* StonesAndChips.xml */ = {isa = PBXFileReference; fileEncoding = 4; lastKnownFileType = text.xml; path = StonesAndChips.xml; sourceTree = "<group>"; };
		983C35E01E872F3300087541 /* Tarmac.dat */ = {isa = PBXFileReference; lastKnownFileType = file; path = Tarmac.dat; sourceTree = "<group>"; };
		983C35E11E872F3300087541 /* Tarmac.xml */ = {isa = PBXFileReference; fileEncoding = 4; lastKnownFileType = text.xml; path = Tarmac.xml; sourceTree = "<group>"; };
		983C35E21E872F3300087541 /* VuforiaSample.dat */ = {isa = PBXFileReference; lastKnownFileType = file; path = VuforiaSample.dat; sourceTree = "<group>"; };
		983C35E31E872F3300087541 /* VuforiaSample.xml */ = {isa = PBXFileReference; fileEncoding = 4; lastKnownFileType = text.xml; path = VuforiaSample.xml; sourceTree = "<group>"; };
		983C35F21E872F4200087541 /* VuforiaSample.dat */ = {isa = PBXFileReference; lastKnownFileType = file; path = VuforiaSample.dat; sourceTree = "<group>"; };
		983C35F31E872F4200087541 /* VuforiaSample.xml */ = {isa = PBXFileReference; fileEncoding = 4; lastKnownFileType = text.xml; path = VuforiaSample.xml; sourceTree = "<group>"; };
		983C35FB1E8730F000087541 /* model_bart.dae */ = {isa = PBXFileReference; fileEncoding = 4; lastKnownFileType = text.xml.dae; path = model_bart.dae; sourceTree = "<group>"; };
		983C35FC1E8730F000087541 /* model_krusty.dae */ = {isa = PBXFileReference; fileEncoding = 4; lastKnownFileType = text.xml.dae; path = model_krusty.dae; sourceTree = "<group>"; };
		983C36011E87C8A600087541 /* CameraViewController.storyboard */ = {isa = PBXFileReference; fileEncoding = 4; lastKnownFileType = file.storyboard; path = CameraViewController.storyboard; sourceTree = "<group>"; };
		983C36031E87C91500087541 /* SpringfieldViewController.storyboard */ = {isa = PBXFileReference; fileEncoding = 4; lastKnownFileType = file.storyboard; path = SpringfieldViewController.storyboard; sourceTree = "<group>"; };
/* End PBXFileReference section */

/* Begin PBXFrameworksBuildPhase section */
		981936DF1E7B457900F8421C /* Frameworks */ = {
			isa = PBXFrameworksBuildPhase;
			buildActionMask = 2147483647;
			files = (
				983C35541E870AD400087541 /* libVuforia.a in Frameworks */,
				983C35501E8704CC00087541 /* AVFoundation.framework in Frameworks */,
				983C35511E8704CC00087541 /* CoreMotion.framework in Frameworks */,
				983C354C1E8704CC00087541 /* CoreMedia.framework in Frameworks */,
				983C354A1E8704CC00087541 /* MediaPlayer.framework in Frameworks */,
				983C35DA1E872EC800087541 /* libVuforia.a in Frameworks */,
				983C354D1E8704CC00087541 /* SceneKit.framework in Frameworks */,
				983C35491E8704CC00087541 /* SpriteKit.framework in Frameworks */,
				983C354F1E8704CC00087541 /* AudioToolbox.framework in Frameworks */,
				983C354E1E8704CC00087541 /* SystemConfiguration.framework in Frameworks */,
				983C354B1E8704CC00087541 /* OpenGLES.framework in Frameworks */,
			);
			runOnlyForDeploymentPostprocessing = 0;
		};
		981936F31E7B457900F8421C /* Frameworks */ = {
			isa = PBXFrameworksBuildPhase;
			buildActionMask = 2147483647;
			files = (
			);
			runOnlyForDeploymentPostprocessing = 0;
		};
		981936FE1E7B457900F8421C /* Frameworks */ = {
			isa = PBXFrameworksBuildPhase;
			buildActionMask = 2147483647;
			files = (
			);
			runOnlyForDeploymentPostprocessing = 0;
		};
/* End PBXFrameworksBuildPhase section */

/* Begin PBXGroup section */
		43EBA4AA1E874299003E65A3 /* Hogsmeade */ = {
			isa = PBXGroup;
			children = (
				43EBA4AB1E8742B7003E65A3 /* Hogsmeade.storyboard */,
				43EBA4AD1E8742EC003E65A3 /* WandViewController.swift */,
			);
			name = Hogsmeade;
			sourceTree = "<group>";
		};
		981936D91E7B457900F8421C = {
			isa = PBXGroup;
			children = (
				981936E41E7B457900F8421C /* studio-plus */,
				981936F91E7B457900F8421C /* studio-plusTests */,
				981937041E7B457900F8421C /* studio-plusUITests */,
				981936E31E7B457900F8421C /* Products */,
				983C35521E870AD400087541 /* Frameworks */,
			);
			sourceTree = "<group>";
		};
		981936E31E7B457900F8421C /* Products */ = {
			isa = PBXGroup;
			children = (
				981936E21E7B457900F8421C /* studio-plus.app */,
				981936F61E7B457900F8421C /* studio-plusTests.xctest */,
				981937011E7B457900F8421C /* studio-plusUITests.xctest */,
			);
			name = Products;
			sourceTree = "<group>";
		};
		981936E41E7B457900F8421C /* studio-plus */ = {
			isa = PBXGroup;
			children = (
				983C351B1E87028600087541 /* studio-plus-Bridging-Header.h */,
				983C35711E872E8500087541 /* VuforiaManager */,
				983C35EB1E872F4200087541 /* VuforiaAssets */,
				981937151E7B465B00F8421C /* Models */,
				981937141E7B465300F8421C /* ViewModels */,
				981937131E7B464B00F8421C /* Views */,
				981936E51E7B457900F8421C /* AppDelegate.swift */,
				981936EC1E7B457900F8421C /* Assets.xcassets */,
				981936EE1E7B457900F8421C /* LaunchScreen.storyboard */,
				9819372E1E7B4A8600F8421C /* Main.storyboard */,
				4347A5091E86F94B000D6CCB /* ViewController.swift */,
				981936F11E7B457900F8421C /* Info.plist */,
				983C357E1E872EC800087541 /* vuforia-sdk-ios-6-2-9 */,
				983C35481E8704CC00087541 /* Frameworks */,
			);
			path = "studio-plus";
			sourceTree = "<group>";
		};
		981936F91E7B457900F8421C /* studio-plusTests */ = {
			isa = PBXGroup;
			children = (
				981936FA1E7B457900F8421C /* studio_plusTests.swift */,
				981936FC1E7B457900F8421C /* Info.plist */,
			);
			path = "studio-plusTests";
			sourceTree = "<group>";
		};
		981937041E7B457900F8421C /* studio-plusUITests */ = {
			isa = PBXGroup;
			children = (
				981937051E7B457900F8421C /* studio_plusUITests.swift */,
				981937071E7B457900F8421C /* Info.plist */,
			);
			path = "studio-plusUITests";
			sourceTree = "<group>";
		};
		981937131E7B464B00F8421C /* Views */ = {
			isa = PBXGroup;
			children = (
				4347A50B1E8701B4000D6CCB /* Camera.xib */,
				4347A50D1E870261000D6CCB /* CameraView.swift */,
				4347A5061E86F8C0000D6CCB /* ImagePreviewViewController.swift */,
				981937161E7B467E00F8421C /* OnboardingViewController.swift */,
				981937181E7B46B500F8421C /* Onboarding.storyboard */,
				9819371A1E7B46E000F8421C /* CreateProfileViewController.swift */,
				9819371C1E7B46EA00F8421C /* CreateProfile.storyboard */,
				9819371E1E7B470800F8421C /* ChooseAdventureViewController.swift */,
				981937201E7B471000F8421C /* ChooseAdventure.storyboard */,
				981937221E7B472500F8421C /* CameraViewController.swift */,
				983C36011E87C8A600087541 /* CameraViewController.storyboard */,
				981937241E7B472C00F8421C /* Camera.storyboard */,
				981937261E7B476100F8421C /* ParkMapViewController.swift */,
				43EBA4A81E87355D003E65A3 /* QuickView.storyboard */,
				981937281E7B477D00F8421C /* ParkMap.storyboard */,
				9819372A1E7B478B00F8421C /* LeaderBoardViewController.swift */,
				9819372C1E7B479300F8421C /* LeaderBoard.storyboard */,
				983C353B1E87032800087541 /* SpringfieldViewController.swift */,
				983C36031E87C91500087541 /* SpringfieldViewController.storyboard */,
				43EBA4AA1E874299003E65A3 /* Hogsmeade */,
			);
			name = Views;
			sourceTree = "<group>";
		};
		981937141E7B465300F8421C /* ViewModels */ = {
			isa = PBXGroup;
			children = (
			);
			name = ViewModels;
			sourceTree = "<group>";
		};
		981937151E7B465B00F8421C /* Models */ = {
			isa = PBXGroup;
			children = (
			);
			name = Models;
			sourceTree = "<group>";
		};
		983C35481E8704CC00087541 /* Frameworks */ = {
			isa = PBXGroup;
			children = (
				983C353F1E8704CC00087541 /* SpriteKit.framework */,
				983C35401E8704CC00087541 /* MediaPlayer.framework */,
				983C35411E8704CC00087541 /* OpenGLES.framework */,
				983C35421E8704CC00087541 /* CoreMedia.framework */,
				983C35431E8704CC00087541 /* SceneKit.framework */,
				983C35441E8704CC00087541 /* SystemConfiguration.framework */,
				983C35451E8704CC00087541 /* AudioToolbox.framework */,
				983C35461E8704CC00087541 /* AVFoundation.framework */,
				983C35471E8704CC00087541 /* CoreMotion.framework */,
			);
			name = Frameworks;
			path = /Users/angelapark/VuforiaSampleSwift/VuforiaSampleSwift/..;
			sourceTree = "<absolute>";
		};
		983C35521E870AD400087541 /* Frameworks */ = {
			isa = PBXGroup;
			children = (
				983C35531E870AD400087541 /* libVuforia.a */,
			);
			name = Frameworks;
			sourceTree = "<group>";
		};
		983C35711E872E8500087541 /* VuforiaManager */ = {
			isa = PBXGroup;
			children = (
				983C35DB1E872F3300087541 /* VuforiaAssets */,
				983C35721E872E8500087541 /* VuforiaEAGLView.h */,
				983C35731E872E8500087541 /* VuforiaEAGLView.mm */,
				983C35741E872E8500087541 /* VuforiaManager.h */,
				983C35751E872E8500087541 /* VuforiaManager.mm */,
				983C35761E872E8500087541 /* VuforiaObjects.h */,
				983C35771E872E8500087541 /* VuforiaObjects.mm */,
				983C35781E872E8500087541 /* VuforiaShaderUtils.h */,
				983C35791E872E8500087541 /* VuforiaShaderUtils.m */,
			);
			path = VuforiaManager;
			sourceTree = "<group>";
		};
		983C357E1E872EC800087541 /* vuforia-sdk-ios-6-2-9 */ = {
			isa = PBXGroup;
			children = (
				983C357F1E872EC800087541 /* build */,
			);
			path = "vuforia-sdk-ios-6-2-9";
			sourceTree = "<group>";
		};
		983C357F1E872EC800087541 /* build */ = {
			isa = PBXGroup;
			children = (
				983C35801E872EC800087541 /* include */,
				983C35D71E872EC800087541 /* lib */,
			);
			path = build;
			sourceTree = "<group>";
		};
		983C35801E872EC800087541 /* include */ = {
			isa = PBXGroup;
			children = (
				983C35811E872EC800087541 /* Vuforia */,
			);
			path = include;
			sourceTree = "<group>";
		};
		983C35811E872EC800087541 /* Vuforia */ = {
			isa = PBXGroup;
			children = (
				983C35821E872EC800087541 /* Area.h */,
				983C35831E872EC800087541 /* Box3D.h */,
				983C35841E872EC800087541 /* CameraCalibration.h */,
				983C35851E872EC800087541 /* CameraDevice.h */,
				983C35861E872EC800087541 /* CameraField.h */,
				983C35871E872EC800087541 /* CustomViewerParameters.h */,
				983C35881E872EC800087541 /* CylinderTarget.h */,
				983C35891E872EC800087541 /* CylinderTargetResult.h */,
				983C358A1E872EC800087541 /* DataSet.h */,
				983C358B1E872EC800087541 /* Device.h */,
				983C358C1E872EC800087541 /* DeviceTrackable.h */,
				983C358D1E872EC800087541 /* DeviceTrackableResult.h */,
				983C358E1E872EC800087541 /* DeviceTracker.h */,
				983C358F1E872EC800087541 /* EyeID.h */,
				983C35901E872EC800087541 /* EyewearCalibrationProfileManager.h */,
				983C35911E872EC800087541 /* EyewearCalibrationReading.h */,
				983C35921E872EC800087541 /* EyewearDevice.h */,
				983C35931E872EC800087541 /* EyewearUserCalibrator.h */,
				983C35941E872EC800087541 /* Frame.h */,
				983C35951E872EC800087541 /* GLRenderer.h */,
				983C35961E872EC800087541 /* HandheldTransformModel.h */,
				983C35971E872EC800087541 /* HeadTransformModel.h */,
				983C35981E872EC800087541 /* Image.h */,
				983C35991E872EC800087541 /* ImageTarget.h */,
				983C359A1E872EC800087541 /* ImageTargetBuilder.h */,
				983C359B1E872EC800087541 /* ImageTargetResult.h */,
				983C359C1E872EC800087541 /* InstanceId.h */,
				983C359D1E872EC800087541 /* Matrices.h */,
				983C359E1E872EC800087541 /* Mesh.h */,
				983C359F1E872EC800087541 /* MetalRenderer.h */,
				983C35A01E872EC800087541 /* MultiTarget.h */,
				983C35A11E872EC800087541 /* MultiTargetResult.h */,
				983C35A21E872EC800087541 /* NonCopyable.h */,
				983C35A31E872EC800087541 /* Obb2D.h */,
				983C35A41E872EC800087541 /* Obb3D.h */,
				983C35A51E872EC800087541 /* ObjectTarget.h */,
				983C35A61E872EC800087541 /* ObjectTargetResult.h */,
				983C35A71E872EC800087541 /* ObjectTracker.h */,
				983C35A81E872EC800087541 /* Prop.h */,
				983C35A91E872EC800087541 /* PropResult.h */,
				983C35AA1E872EC800087541 /* Reconstruction.h */,
				983C35AB1E872EC800087541 /* ReconstructionFromTarget.h */,
				983C35AC1E872EC800087541 /* Rectangle.h */,
				983C35AD1E872EC800087541 /* Renderer.h */,
				983C35AE1E872EC800087541 /* RenderingPrimitives.h */,
				983C35AF1E872EC800087541 /* RotationalDeviceTracker.h */,
				983C35B01E872EC800087541 /* SmartTerrainBuilder.h */,
				983C35B11E872EC800087541 /* SmartTerrainTrackable.h */,
				983C35B21E872EC800087541 /* SmartTerrainTracker.h */,
				983C35B31E872EC800087541 /* State.h */,
				983C35B41E872EC800087541 /* StateUpdater.h */,
				983C35B51E872EC800087541 /* Surface.h */,
				983C35B61E872EC800087541 /* SurfaceResult.h */,
				983C35B71E872EC800087541 /* System.h */,
				983C35B81E872EC800087541 /* TargetFinder.h */,
				983C35B91E872EC800087541 /* TargetSearchResult.h */,
				983C35BA1E872EC800087541 /* TextTracker.h */,
				983C35BB1E872EC800087541 /* Tool.h */,
				983C35BC1E872EC800087541 /* Trackable.h */,
				983C35BD1E872EC800087541 /* TrackableResult.h */,
				983C35BE1E872EC800087541 /* TrackableSource.h */,
				983C35BF1E872EC800087541 /* Tracker.h */,
				983C35C01E872EC800087541 /* TrackerManager.h */,
				983C35C11E872EC800087541 /* TransformModel.h */,
				983C35C21E872EC800087541 /* Type.h */,
				983C35C31E872EC800087541 /* UIGLViewProtocol.h */,
				983C35C41E872EC800087541 /* UpdateCallback.h */,
				983C35C51E872EC800087541 /* Vectors.h */,
				983C35C61E872EC800087541 /* VideoBackgroundConfig.h */,
				983C35C71E872EC800087541 /* VideoBackgroundTextureInfo.h */,
				983C35C81E872EC800087541 /* VideoMode.h */,
				983C35C91E872EC800087541 /* View.h */,
				983C35CA1E872EC800087541 /* ViewerParameters.h */,
				983C35CB1E872EC800087541 /* ViewerParametersList.h */,
				983C35CC1E872EC800087541 /* ViewList.h */,
				983C35CD1E872EC800087541 /* VirtualButton.h */,
				983C35CE1E872EC800087541 /* VirtualButtonResult.h */,
				983C35CF1E872EC800087541 /* Vuforia.h */,
				983C35D01E872EC800087541 /* Vuforia_iOS.h */,
				983C35D11E872EC800087541 /* VuMarkTarget.h */,
				983C35D21E872EC800087541 /* VuMarkTargetResult.h */,
				983C35D31E872EC800087541 /* VuMarkTemplate.h */,
				983C35D41E872EC800087541 /* Word.h */,
				983C35D51E872EC800087541 /* WordList.h */,
				983C35D61E872EC800087541 /* WordResult.h */,
			);
			path = Vuforia;
			sourceTree = "<group>";
		};
		983C35D71E872EC800087541 /* lib */ = {
			isa = PBXGroup;
			children = (
				983C35D81E872EC800087541 /* arm */,
			);
			path = lib;
			sourceTree = "<group>";
		};
		983C35D81E872EC800087541 /* arm */ = {
			isa = PBXGroup;
			children = (
				983C35D91E872EC800087541 /* libVuforia.a */,
			);
			path = arm;
			sourceTree = "<group>";
		};
		983C35DB1E872F3300087541 /* VuforiaAssets */ = {
			isa = PBXGroup;
			children = (
				983C35DC1E872F3300087541 /* ImageTargets */,
			);
			path = VuforiaAssets;
			sourceTree = "<group>";
		};
		983C35DC1E872F3300087541 /* ImageTargets */ = {
			isa = PBXGroup;
			children = (
				983C35DD1E872F3300087541 /* bart.dae */,
				983C35DE1E872F3300087541 /* StonesAndChips.dat */,
				983C35DF1E872F3300087541 /* StonesAndChips.xml */,
				983C35E01E872F3300087541 /* Tarmac.dat */,
				983C35E11E872F3300087541 /* Tarmac.xml */,
				983C35E21E872F3300087541 /* VuforiaSample.dat */,
				983C35E31E872F3300087541 /* VuforiaSample.xml */,
			);
			path = ImageTargets;
			sourceTree = "<group>";
		};
		983C35EB1E872F4200087541 /* VuforiaAssets */ = {
			isa = PBXGroup;
			children = (
				983C35EC1E872F4200087541 /* ImageTargets */,
			);
			path = VuforiaAssets;
			sourceTree = "<group>";
		};
		983C35EC1E872F4200087541 /* ImageTargets */ = {
			isa = PBXGroup;
			children = (
				983C35FB1E8730F000087541 /* model_bart.dae */,
				983C35FC1E8730F000087541 /* model_krusty.dae */,
				983C35F21E872F4200087541 /* VuforiaSample.dat */,
				983C35F31E872F4200087541 /* VuforiaSample.xml */,
			);
			path = ImageTargets;
			sourceTree = "<group>";
		};
/* End PBXGroup section */

/* Begin PBXNativeTarget section */
		981936E11E7B457900F8421C /* studio-plus */ = {
			isa = PBXNativeTarget;
			buildConfigurationList = 9819370A1E7B457900F8421C /* Build configuration list for PBXNativeTarget "studio-plus" */;
			buildPhases = (
				981936DE1E7B457900F8421C /* Sources */,
				981936DF1E7B457900F8421C /* Frameworks */,
				981936E01E7B457900F8421C /* Resources */,
			);
			buildRules = (
			);
			dependencies = (
			);
			name = "studio-plus";
			productName = "studio-plus";
			productReference = 981936E21E7B457900F8421C /* studio-plus.app */;
			productType = "com.apple.product-type.application";
		};
		981936F51E7B457900F8421C /* studio-plusTests */ = {
			isa = PBXNativeTarget;
			buildConfigurationList = 9819370D1E7B457900F8421C /* Build configuration list for PBXNativeTarget "studio-plusTests" */;
			buildPhases = (
				981936F21E7B457900F8421C /* Sources */,
				981936F31E7B457900F8421C /* Frameworks */,
				981936F41E7B457900F8421C /* Resources */,
			);
			buildRules = (
			);
			dependencies = (
				981936F81E7B457900F8421C /* PBXTargetDependency */,
			);
			name = "studio-plusTests";
			productName = "studio-plusTests";
			productReference = 981936F61E7B457900F8421C /* studio-plusTests.xctest */;
			productType = "com.apple.product-type.bundle.unit-test";
		};
		981937001E7B457900F8421C /* studio-plusUITests */ = {
			isa = PBXNativeTarget;
			buildConfigurationList = 981937101E7B457900F8421C /* Build configuration list for PBXNativeTarget "studio-plusUITests" */;
			buildPhases = (
				981936FD1E7B457900F8421C /* Sources */,
				981936FE1E7B457900F8421C /* Frameworks */,
				981936FF1E7B457900F8421C /* Resources */,
			);
			buildRules = (
			);
			dependencies = (
				981937031E7B457900F8421C /* PBXTargetDependency */,
			);
			name = "studio-plusUITests";
			productName = "studio-plusUITests";
			productReference = 981937011E7B457900F8421C /* studio-plusUITests.xctest */;
			productType = "com.apple.product-type.bundle.ui-testing";
		};
/* End PBXNativeTarget section */

/* Begin PBXProject section */
		981936DA1E7B457900F8421C /* Project object */ = {
			isa = PBXProject;
			attributes = {
				LastSwiftUpdateCheck = 0820;
				LastUpgradeCheck = 0820;
				ORGANIZATIONNAME = "Lindsay Angela Ena";
				TargetAttributes = {
					981936E11E7B457900F8421C = {
						CreatedOnToolsVersion = 8.2.1;
						DevelopmentTeam = 43LXQ9XH3C;
						ProvisioningStyle = Automatic;
					};
					981936F51E7B457900F8421C = {
						CreatedOnToolsVersion = 8.2.1;
						ProvisioningStyle = Automatic;
						TestTargetID = 981936E11E7B457900F8421C;
					};
					981937001E7B457900F8421C = {
						CreatedOnToolsVersion = 8.2.1;
						ProvisioningStyle = Automatic;
						TestTargetID = 981936E11E7B457900F8421C;
					};
				};
			};
			buildConfigurationList = 981936DD1E7B457900F8421C /* Build configuration list for PBXProject "studio-plus" */;
			compatibilityVersion = "Xcode 3.2";
			developmentRegion = English;
			hasScannedForEncodings = 0;
			knownRegions = (
				en,
				Base,
			);
			mainGroup = 981936D91E7B457900F8421C;
			productRefGroup = 981936E31E7B457900F8421C /* Products */;
			projectDirPath = "";
			projectRoot = "";
			targets = (
				981936E11E7B457900F8421C /* studio-plus */,
				981936F51E7B457900F8421C /* studio-plusTests */,
				981937001E7B457900F8421C /* studio-plusUITests */,
			);
		};
/* End PBXProject section */

/* Begin PBXResourcesBuildPhase section */
		981936E01E7B457900F8421C /* Resources */ = {
			isa = PBXResourcesBuildPhase;
			buildActionMask = 2147483647;
			files = (
				981936F01E7B457900F8421C /* LaunchScreen.storyboard in Resources */,
				43EBA4A91E87355D003E65A3 /* QuickView.storyboard in Resources */,
				983C35E41E872F3300087541 /* bart.dae in Resources */,
				981937251E7B472C00F8421C /* Camera.storyboard in Resources */,
				983C35E61E872F3300087541 /* StonesAndChips.xml in Resources */,
				4347A50C1E8701B4000D6CCB /* Camera.xib in Resources */,
				983C35FA1E872F4200087541 /* VuforiaSample.xml in Resources */,
				981936ED1E7B457900F8421C /* Assets.xcassets in Resources */,
				983C35E91E872F3300087541 /* VuforiaSample.dat in Resources */,
				983C36041E87C91500087541 /* SpringfieldViewController.storyboard in Resources */,
				981937211E7B471000F8421C /* ChooseAdventure.storyboard in Resources */,
				983C35E81E872F3300087541 /* Tarmac.xml in Resources */,
				981937291E7B477D00F8421C /* ParkMap.storyboard in Resources */,
				983C35E51E872F3300087541 /* StonesAndChips.dat in Resources */,
				9819372D1E7B479300F8421C /* LeaderBoard.storyboard in Resources */,
				983C36021E87C8A600087541 /* CameraViewController.storyboard in Resources */,
				9819372F1E7B4A8600F8421C /* Main.storyboard in Resources */,
				981937191E7B46B500F8421C /* Onboarding.storyboard in Resources */,
				9819371D1E7B46EA00F8421C /* CreateProfile.storyboard in Resources */,
				983C35EA1E872F3300087541 /* VuforiaSample.xml in Resources */,
				43EBA4AC1E8742B7003E65A3 /* Hogsmeade.storyboard in Resources */,
				983C35E71E872F3300087541 /* Tarmac.dat in Resources */,
				983C35FD1E8730F000087541 /* model_bart.dae in Resources */,
				983C35FE1E8730F000087541 /* model_krusty.dae in Resources */,
				983C35F91E872F4200087541 /* VuforiaSample.dat in Resources */,
			);
			runOnlyForDeploymentPostprocessing = 0;
		};
		981936F41E7B457900F8421C /* Resources */ = {
			isa = PBXResourcesBuildPhase;
			buildActionMask = 2147483647;
			files = (
			);
			runOnlyForDeploymentPostprocessing = 0;
		};
		981936FF1E7B457900F8421C /* Resources */ = {
			isa = PBXResourcesBuildPhase;
			buildActionMask = 2147483647;
			files = (
			);
			runOnlyForDeploymentPostprocessing = 0;
		};
/* End PBXResourcesBuildPhase section */

/* Begin PBXSourcesBuildPhase section */
		981936DE1E7B457900F8421C /* Sources */ = {
			isa = PBXSourcesBuildPhase;
			buildActionMask = 2147483647;
			files = (
				983C353C1E87032800087541 /* SpringfieldViewController.swift in Sources */,
				983C357D1E872E8500087541 /* VuforiaShaderUtils.m in Sources */,
				4347A50A1E86F94B000D6CCB /* ViewController.swift in Sources */,
				983C357A1E872E8500087541 /* VuforiaEAGLView.mm in Sources */,
				9819371B1E7B46E000F8421C /* CreateProfileViewController.swift in Sources */,
				4347A5081E86F8C0000D6CCB /* ImagePreviewViewController.swift in Sources */,
				4347A50E1E870261000D6CCB /* CameraView.swift in Sources */,
				981937171E7B467E00F8421C /* OnboardingViewController.swift in Sources */,
				9819371F1E7B470800F8421C /* ChooseAdventureViewController.swift in Sources */,
				983C357B1E872E8500087541 /* VuforiaManager.mm in Sources */,
				981937271E7B476100F8421C /* ParkMapViewController.swift in Sources */,
				981936E61E7B457900F8421C /* AppDelegate.swift in Sources */,
				43EBA4AE1E8742EC003E65A3 /* WandViewController.swift in Sources */,
				9819372B1E7B478B00F8421C /* LeaderBoardViewController.swift in Sources */,
				981937231E7B472500F8421C /* CameraViewController.swift in Sources */,
				983C357C1E872E8500087541 /* VuforiaObjects.mm in Sources */,
			);
			runOnlyForDeploymentPostprocessing = 0;
		};
		981936F21E7B457900F8421C /* Sources */ = {
			isa = PBXSourcesBuildPhase;
			buildActionMask = 2147483647;
			files = (
				981936FB1E7B457900F8421C /* studio_plusTests.swift in Sources */,
			);
			runOnlyForDeploymentPostprocessing = 0;
		};
		981936FD1E7B457900F8421C /* Sources */ = {
			isa = PBXSourcesBuildPhase;
			buildActionMask = 2147483647;
			files = (
				981937061E7B457900F8421C /* studio_plusUITests.swift in Sources */,
			);
			runOnlyForDeploymentPostprocessing = 0;
		};
/* End PBXSourcesBuildPhase section */

/* Begin PBXTargetDependency section */
		981936F81E7B457900F8421C /* PBXTargetDependency */ = {
			isa = PBXTargetDependency;
			target = 981936E11E7B457900F8421C /* studio-plus */;
			targetProxy = 981936F71E7B457900F8421C /* PBXContainerItemProxy */;
		};
		981937031E7B457900F8421C /* PBXTargetDependency */ = {
			isa = PBXTargetDependency;
			target = 981936E11E7B457900F8421C /* studio-plus */;
			targetProxy = 981937021E7B457900F8421C /* PBXContainerItemProxy */;
		};
/* End PBXTargetDependency section */

/* Begin PBXVariantGroup section */
		981936EE1E7B457900F8421C /* LaunchScreen.storyboard */ = {
			isa = PBXVariantGroup;
			children = (
				981936EF1E7B457900F8421C /* Base */,
			);
			name = LaunchScreen.storyboard;
			sourceTree = "<group>";
		};
/* End PBXVariantGroup section */

/* Begin XCBuildConfiguration section */
		981937081E7B457900F8421C /* Debug */ = {
			isa = XCBuildConfiguration;
			buildSettings = {
				ALWAYS_SEARCH_USER_PATHS = NO;
				CLANG_ANALYZER_NONNULL = YES;
				CLANG_CXX_LANGUAGE_STANDARD = "gnu++0x";
				CLANG_CXX_LIBRARY = "libc++";
				CLANG_ENABLE_MODULES = YES;
				CLANG_ENABLE_OBJC_ARC = YES;
				CLANG_WARN_BOOL_CONVERSION = YES;
				CLANG_WARN_CONSTANT_CONVERSION = YES;
				CLANG_WARN_DIRECT_OBJC_ISA_USAGE = YES_ERROR;
				CLANG_WARN_DOCUMENTATION_COMMENTS = YES;
				CLANG_WARN_EMPTY_BODY = YES;
				CLANG_WARN_ENUM_CONVERSION = YES;
				CLANG_WARN_INFINITE_RECURSION = YES;
				CLANG_WARN_INT_CONVERSION = YES;
				CLANG_WARN_OBJC_ROOT_CLASS = YES_ERROR;
				CLANG_WARN_SUSPICIOUS_MOVE = YES;
				CLANG_WARN_UNREACHABLE_CODE = YES;
				CLANG_WARN__DUPLICATE_METHOD_MATCH = YES;
				"CODE_SIGN_IDENTITY[sdk=iphoneos*]" = "iPhone Developer";
				COPY_PHASE_STRIP = NO;
				DEBUG_INFORMATION_FORMAT = dwarf;
				ENABLE_STRICT_OBJC_MSGSEND = YES;
				ENABLE_TESTABILITY = YES;
				GCC_C_LANGUAGE_STANDARD = gnu99;
				GCC_DYNAMIC_NO_PIC = NO;
				GCC_NO_COMMON_BLOCKS = YES;
				GCC_OPTIMIZATION_LEVEL = 0;
				GCC_PREPROCESSOR_DEFINITIONS = (
					"DEBUG=1",
					"$(inherited)",
				);
				GCC_WARN_64_TO_32_BIT_CONVERSION = YES;
				GCC_WARN_ABOUT_RETURN_TYPE = YES_ERROR;
				GCC_WARN_UNDECLARED_SELECTOR = YES;
				GCC_WARN_UNINITIALIZED_AUTOS = YES_AGGRESSIVE;
				GCC_WARN_UNUSED_FUNCTION = YES;
				GCC_WARN_UNUSED_VARIABLE = YES;
				IPHONEOS_DEPLOYMENT_TARGET = 10.2;
				MTL_ENABLE_DEBUG_INFO = YES;
				ONLY_ACTIVE_ARCH = YES;
				SDKROOT = iphoneos;
				SWIFT_ACTIVE_COMPILATION_CONDITIONS = DEBUG;
				SWIFT_OPTIMIZATION_LEVEL = "-Onone";
			};
			name = Debug;
		};
		981937091E7B457900F8421C /* Release */ = {
			isa = XCBuildConfiguration;
			buildSettings = {
				ALWAYS_SEARCH_USER_PATHS = NO;
				CLANG_ANALYZER_NONNULL = YES;
				CLANG_CXX_LANGUAGE_STANDARD = "gnu++0x";
				CLANG_CXX_LIBRARY = "libc++";
				CLANG_ENABLE_MODULES = YES;
				CLANG_ENABLE_OBJC_ARC = YES;
				CLANG_WARN_BOOL_CONVERSION = YES;
				CLANG_WARN_CONSTANT_CONVERSION = YES;
				CLANG_WARN_DIRECT_OBJC_ISA_USAGE = YES_ERROR;
				CLANG_WARN_DOCUMENTATION_COMMENTS = YES;
				CLANG_WARN_EMPTY_BODY = YES;
				CLANG_WARN_ENUM_CONVERSION = YES;
				CLANG_WARN_INFINITE_RECURSION = YES;
				CLANG_WARN_INT_CONVERSION = YES;
				CLANG_WARN_OBJC_ROOT_CLASS = YES_ERROR;
				CLANG_WARN_SUSPICIOUS_MOVE = YES;
				CLANG_WARN_UNREACHABLE_CODE = YES;
				CLANG_WARN__DUPLICATE_METHOD_MATCH = YES;
				"CODE_SIGN_IDENTITY[sdk=iphoneos*]" = "iPhone Developer";
				COPY_PHASE_STRIP = NO;
				DEBUG_INFORMATION_FORMAT = "dwarf-with-dsym";
				ENABLE_NS_ASSERTIONS = NO;
				ENABLE_STRICT_OBJC_MSGSEND = YES;
				GCC_C_LANGUAGE_STANDARD = gnu99;
				GCC_NO_COMMON_BLOCKS = YES;
				GCC_WARN_64_TO_32_BIT_CONVERSION = YES;
				GCC_WARN_ABOUT_RETURN_TYPE = YES_ERROR;
				GCC_WARN_UNDECLARED_SELECTOR = YES;
				GCC_WARN_UNINITIALIZED_AUTOS = YES_AGGRESSIVE;
				GCC_WARN_UNUSED_FUNCTION = YES;
				GCC_WARN_UNUSED_VARIABLE = YES;
				IPHONEOS_DEPLOYMENT_TARGET = 10.2;
				MTL_ENABLE_DEBUG_INFO = NO;
				SDKROOT = iphoneos;
				SWIFT_OPTIMIZATION_LEVEL = "-Owholemodule";
				VALIDATE_PRODUCT = YES;
			};
			name = Release;
		};
		9819370B1E7B457900F8421C /* Debug */ = {
			isa = XCBuildConfiguration;
			buildSettings = {
				ASSETCATALOG_COMPILER_APPICON_NAME = AppIcon;
				DEVELOPMENT_TEAM = 43LXQ9XH3C;
				ENABLE_BITCODE = NO;
				HEADER_SEARCH_PATHS = "\"$(SRCROOT)/studio-plus/vuforia-sdk-ios-6-2-9/build/include\"";
				INFOPLIST_FILE = "studio-plus/Info.plist";
				IPHONEOS_DEPLOYMENT_TARGET = 10.0;
				LD_RUNPATH_SEARCH_PATHS = "$(inherited) @executable_path/Frameworks";
				LIBRARY_SEARCH_PATHS = (
					"$(inherited)",
					"$(PROJECT_DIR)/studio-plus/vuforia-sdk-ios-6-2-9/build/lib/arm",
				);
				PRODUCT_BUNDLE_IDENTIFIER = "com.park.studio-plus";
				PRODUCT_NAME = "$(TARGET_NAME)";
				SWIFT_OBJC_BRIDGING_HEADER = "studio-plus/studio-plus-Bridging-Header.h";
				SWIFT_VERSION = 3.0;
			};
			name = Debug;
		};
		9819370C1E7B457900F8421C /* Release */ = {
			isa = XCBuildConfiguration;
			buildSettings = {
				ASSETCATALOG_COMPILER_APPICON_NAME = AppIcon;
				DEVELOPMENT_TEAM = 43LXQ9XH3C;
				ENABLE_BITCODE = NO;
				HEADER_SEARCH_PATHS = "\"$(SRCROOT)/studio-plus/vuforia-sdk-ios-6-2-9/build/include\"";
				INFOPLIST_FILE = "studio-plus/Info.plist";
				IPHONEOS_DEPLOYMENT_TARGET = 10.0;
				LD_RUNPATH_SEARCH_PATHS = "$(inherited) @executable_path/Frameworks";
				LIBRARY_SEARCH_PATHS = (
					"$(inherited)",
					"$(PROJECT_DIR)/studio-plus/vuforia-sdk-ios-6-2-9/build/lib/arm",
				);
				PRODUCT_BUNDLE_IDENTIFIER = "com.park.studio-plus";
				PRODUCT_NAME = "$(TARGET_NAME)";
				SWIFT_OBJC_BRIDGING_HEADER = "studio-plus/studio-plus-Bridging-Header.h";
				SWIFT_VERSION = 3.0;
			};
			name = Release;
		};
		9819370E1E7B457900F8421C /* Debug */ = {
			isa = XCBuildConfiguration;
			buildSettings = {
				ALWAYS_EMBED_SWIFT_STANDARD_LIBRARIES = YES;
				BUNDLE_LOADER = "$(TEST_HOST)";
				INFOPLIST_FILE = "studio-plusTests/Info.plist";
				LD_RUNPATH_SEARCH_PATHS = "$(inherited) @executable_path/Frameworks @loader_path/Frameworks";
				PRODUCT_BUNDLE_IDENTIFIER = "com.park.studio-plusTests";
				PRODUCT_NAME = "$(TARGET_NAME)";
				SWIFT_VERSION = 3.0;
				TEST_HOST = "$(BUILT_PRODUCTS_DIR)/studio-plus.app/studio-plus";
			};
			name = Debug;
		};
		9819370F1E7B457900F8421C /* Release */ = {
			isa = XCBuildConfiguration;
			buildSettings = {
				ALWAYS_EMBED_SWIFT_STANDARD_LIBRARIES = YES;
				BUNDLE_LOADER = "$(TEST_HOST)";
				INFOPLIST_FILE = "studio-plusTests/Info.plist";
				LD_RUNPATH_SEARCH_PATHS = "$(inherited) @executable_path/Frameworks @loader_path/Frameworks";
				PRODUCT_BUNDLE_IDENTIFIER = "com.park.studio-plusTests";
				PRODUCT_NAME = "$(TARGET_NAME)";
				SWIFT_VERSION = 3.0;
				TEST_HOST = "$(BUILT_PRODUCTS_DIR)/studio-plus.app/studio-plus";
			};
			name = Release;
		};
		981937111E7B457900F8421C /* Debug */ = {
			isa = XCBuildConfiguration;
			buildSettings = {
				ALWAYS_EMBED_SWIFT_STANDARD_LIBRARIES = YES;
				INFOPLIST_FILE = "studio-plusUITests/Info.plist";
				LD_RUNPATH_SEARCH_PATHS = "$(inherited) @executable_path/Frameworks @loader_path/Frameworks";
				PRODUCT_BUNDLE_IDENTIFIER = "com.park.studio-plusUITests";
				PRODUCT_NAME = "$(TARGET_NAME)";
				SWIFT_VERSION = 3.0;
				TEST_TARGET_NAME = "studio-plus";
			};
			name = Debug;
		};
		981937121E7B457900F8421C /* Release */ = {
			isa = XCBuildConfiguration;
			buildSettings = {
				ALWAYS_EMBED_SWIFT_STANDARD_LIBRARIES = YES;
				INFOPLIST_FILE = "studio-plusUITests/Info.plist";
				LD_RUNPATH_SEARCH_PATHS = "$(inherited) @executable_path/Frameworks @loader_path/Frameworks";
				PRODUCT_BUNDLE_IDENTIFIER = "com.park.studio-plusUITests";
				PRODUCT_NAME = "$(TARGET_NAME)";
				SWIFT_VERSION = 3.0;
				TEST_TARGET_NAME = "studio-plus";
			};
			name = Release;
		};
/* End XCBuildConfiguration section */

/* Begin XCConfigurationList section */
		981936DD1E7B457900F8421C /* Build configuration list for PBXProject "studio-plus" */ = {
			isa = XCConfigurationList;
			buildConfigurations = (
				981937081E7B457900F8421C /* Debug */,
				981937091E7B457900F8421C /* Release */,
			);
			defaultConfigurationIsVisible = 0;
			defaultConfigurationName = Release;
		};
		9819370A1E7B457900F8421C /* Build configuration list for PBXNativeTarget "studio-plus" */ = {
			isa = XCConfigurationList;
			buildConfigurations = (
				9819370B1E7B457900F8421C /* Debug */,
				9819370C1E7B457900F8421C /* Release */,
			);
			defaultConfigurationIsVisible = 0;
			defaultConfigurationName = Release;
		};
		9819370D1E7B457900F8421C /* Build configuration list for PBXNativeTarget "studio-plusTests" */ = {
			isa = XCConfigurationList;
			buildConfigurations = (
				9819370E1E7B457900F8421C /* Debug */,
				9819370F1E7B457900F8421C /* Release */,
			);
			defaultConfigurationIsVisible = 0;
			defaultConfigurationName = Release;
		};
		981937101E7B457900F8421C /* Build configuration list for PBXNativeTarget "studio-plusUITests" */ = {
			isa = XCConfigurationList;
			buildConfigurations = (
				981937111E7B457900F8421C /* Debug */,
				981937121E7B457900F8421C /* Release */,
			);
			defaultConfigurationIsVisible = 0;
			defaultConfigurationName = Release;
		};
/* End XCConfigurationList section */
	};
	rootObject = 981936DA1E7B457900F8421C /* Project object */;
}
